// !$*UTF8*$!
{
	archiveVersion = 1;
	classes = {
	};
	objectVersion = 50;
	objects = {

/* Begin PBXBuildFile section */
		3C235B9E23268ACC00AD359C /* AppDelegate.m in Sources */ = {isa = PBXBuildFile; fileRef = 3C235B9D23268ACC00AD359C /* AppDelegate.m */; };
		3C235BA123268ACC00AD359C /* ViewController.mm in Sources */ = {isa = PBXBuildFile; fileRef = 3C235BA023268ACC00AD359C /* ViewController.mm */; };
		3C235BA423268ACC00AD359C /* Main.storyboard in Resources */ = {isa = PBXBuildFile; fileRef = 3C235BA223268ACC00AD359C /* Main.storyboard */; };
		3C235BA623268ACD00AD359C /* Assets.xcassets in Resources */ = {isa = PBXBuildFile; fileRef = 3C235BA523268ACD00AD359C /* Assets.xcassets */; };
		3C235BA923268ACD00AD359C /* LaunchScreen.storyboard in Resources */ = {isa = PBXBuildFile; fileRef = 3C235BA723268ACD00AD359C /* LaunchScreen.storyboard */; };
		3C235BAC23268ACD00AD359C /* main.m in Sources */ = {isa = PBXBuildFile; fileRef = 3C235BAB23268ACD00AD359C /* main.m */; };
		3C235BB423268AED00AD359C /* Mp3Encoder.cpp in Sources */ = {isa = PBXBuildFile; fileRef = 3C235BB223268AED00AD359C /* Mp3Encoder.cpp */; };
/* End PBXBuildFile section */

/* Begin PBXFileReference section */
		3C235B9923268ACC00AD359C /* C++支持.app */ = {isa = PBXFileReference; explicitFileType = wrapper.application; includeInIndex = 0; path = "C++支持.app"; sourceTree = BUILT_PRODUCTS_DIR; };
		3C235B9C23268ACC00AD359C /* AppDelegate.h */ = {isa = PBXFileReference; lastKnownFileType = sourcecode.c.h; path = AppDelegate.h; sourceTree = "<group>"; };
		3C235B9D23268ACC00AD359C /* AppDelegate.m */ = {isa = PBXFileReference; lastKnownFileType = sourcecode.c.objc; path = AppDelegate.m; sourceTree = "<group>"; };
		3C235B9F23268ACC00AD359C /* ViewController.h */ = {isa = PBXFileReference; lastKnownFileType = sourcecode.c.h; path = ViewController.h; sourceTree = "<group>"; };
		3C235BA023268ACC00AD359C /* ViewController.mm */ = {isa = PBXFileReference; lastKnownFileType = sourcecode.cpp.objcpp; path = ViewController.mm; sourceTree = "<group>"; };
		3C235BA323268ACC00AD359C /* Base */ = {isa = PBXFileReference; lastKnownFileType = file.storyboard; name = Base; path = Base.lproj/Main.storyboard; sourceTree = "<group>"; };
		3C235BA523268ACD00AD359C /* Assets.xcassets */ = {isa = PBXFileReference; lastKnownFileType = folder.assetcatalog; path = Assets.xcassets; sourceTree = "<group>"; };
		3C235BA823268ACD00AD359C /* Base */ = {isa = PBXFileReference; lastKnownFileType = file.storyboard; name = Base; path = Base.lproj/LaunchScreen.storyboard; sourceTree = "<group>"; };
		3C235BAA23268ACD00AD359C /* Info.plist */ = {isa = PBXFileReference; lastKnownFileType = text.plist.xml; path = Info.plist; sourceTree = "<group>"; };
		3C235BAB23268ACD00AD359C /* main.m */ = {isa = PBXFileReference; lastKnownFileType = sourcecode.c.objc; path = main.m; sourceTree = "<group>"; };
		3C235BB223268AED00AD359C /* Mp3Encoder.cpp */ = {isa = PBXFileReference; lastKnownFileType = sourcecode.cpp.cpp; path = Mp3Encoder.cpp; sourceTree = "<group>"; };
		3C235BB323268AED00AD359C /* Mp3Encoder.hpp */ = {isa = PBXFileReference; lastKnownFileType = sourcecode.cpp.h; path = Mp3Encoder.hpp; sourceTree = "<group>"; };
/* End PBXFileReference section */

/* Begin PBXFrameworksBuildPhase section */
		3C235B9623268ACC00AD359C /* Frameworks */ = {
			isa = PBXFrameworksBuildPhase;
			buildActionMask = 2147483647;
			files = (
			);
			runOnlyForDeploymentPostprocessing = 0;
		};
/* End PBXFrameworksBuildPhase section */

/* Begin PBXGroup section */
		3C235B9023268ACC00AD359C = {
			isa = PBXGroup;
			children = (
				3C235B9B23268ACC00AD359C /* C++支持 */,
				3C235B9A23268ACC00AD359C /* Products */,
			);
			sourceTree = "<group>";
		};
		3C235B9A23268ACC00AD359C /* Products */ = {
			isa = PBXGroup;
			children = (
				3C235B9923268ACC00AD359C /* C++支持.app */,
			);
			name = Products;
			sourceTree = "<group>";
		};
		3C235B9B23268ACC00AD359C /* C++支持 */ = {
			isa = PBXGroup;
			children = (
				3C235B9C23268ACC00AD359C /* AppDelegate.h */,
				3C235B9D23268ACC00AD359C /* AppDelegate.m */,
				3C235B9F23268ACC00AD359C /* ViewController.h */,
				3C235BA023268ACC00AD359C /* ViewController.mm */,
				3C235BA223268ACC00AD359C /* Main.storyboard */,
				3C235BA523268ACD00AD359C /* Assets.xcassets */,
				3C235BA723268ACD00AD359C /* LaunchScreen.storyboard */,
				3C235BAA23268ACD00AD359C /* Info.plist */,
				3C235BAB23268ACD00AD359C /* main.m */,
				3C235BB223268AED00AD359C /* Mp3Encoder.cpp */,
				3C235BB323268AED00AD359C /* Mp3Encoder.hpp */,
			);
			path = "C++支持";
			sourceTree = "<group>";
		};
/* End PBXGroup section */

/* Begin PBXNativeTarget section */
		3C235B9823268ACC00AD359C /* C++支持 */ = {
			isa = PBXNativeTarget;
			buildConfigurationList = 3C235BAF23268ACD00AD359C /* Build configuration list for PBXNativeTarget "C++支持" */;
			buildPhases = (
				3C235B9523268ACC00AD359C /* Sources */,
				3C235B9623268ACC00AD359C /* Frameworks */,
				3C235B9723268ACC00AD359C /* Resources */,
			);
			buildRules = (
			);
			dependencies = (
			);
			name = "C++支持";
			productName = "C++支持";
			productReference = 3C235B9923268ACC00AD359C /* C++支持.app */;
			productType = "com.apple.product-type.application";
		};
/* End PBXNativeTarget section */

/* Begin PBXProject section */
		3C235B9123268ACC00AD359C /* Project object */ = {
			isa = PBXProject;
			attributes = {
				LastUpgradeCheck = 1030;
				ORGANIZATIONNAME = "杨帆";
				TargetAttributes = {
					3C235B9823268ACC00AD359C = {
						CreatedOnToolsVersion = 10.3;
					};
				};
			};
			buildConfigurationList = 3C235B9423268ACC00AD359C /* Build configuration list for PBXProject "C++支持" */;
			compatibilityVersion = "Xcode 9.3";
			developmentRegion = en;
			hasScannedForEncodings = 0;
			knownRegions = (
				en,
				Base,
			);
			mainGroup = 3C235B9023268ACC00AD359C;
			productRefGroup = 3C235B9A23268ACC00AD359C /* Products */;
			projectDirPath = "";
			projectRoot = "";
			targets = (
				3C235B9823268ACC00AD359C /* C++支持 */,
			);
		};
/* End PBXProject section */

/* Begin PBXResourcesBuildPhase section */
		3C235B9723268ACC00AD359C /* Resources */ = {
			isa = PBXResourcesBuildPhase;
			buildActionMask = 2147483647;
			files = (
				3C235BA923268ACD00AD359C /* LaunchScreen.storyboard in Resources */,
				3C235BA623268ACD00AD359C /* Assets.xcassets in Resources */,
				3C235BA423268ACC00AD359C /* Main.storyboard in Resources */,
			);
			runOnlyForDeploymentPostprocessing = 0;
		};
/* End PBXResourcesBuildPhase section */

/* Begin PBXSourcesBuildPhase section */
		3C235B9523268ACC00AD359C /* Sources */ = {
			isa = PBXSourcesBuildPhase;
			buildActionMask = 2147483647;
			files = (
				3C235BA123268ACC00AD359C /* ViewController.mm in Sources */,
				3C235BAC23268ACD00AD359C /* main.m in Sources */,
				3C235B9E23268ACC00AD359C /* AppDelegate.m in Sources */,
				3C235BB423268AED00AD359C /* Mp3Encoder.cpp in Sources */,
			);
			runOnlyForDeploymentPostprocessing = 0;
		};
/* End PBXSourcesBuildPhase section */

/* Begin PBXVariantGroup section */
		3C235BA223268ACC00AD359C /* Main.storyboard */ = {
			isa = PBXVariantGroup;
			children = (
				3C235BA323268ACC00AD359C /* Base */,
			);
			name = Main.storyboard;
			sourceTree = "<group>";
		};
		3C235BA723268ACD00AD359C /* LaunchScreen.storyboard */ = {
			isa = PBXVariantGroup;
			children = (
				3C235BA823268ACD00AD359C /* Base */,
			);
			name = LaunchScreen.storyboard;
			sourceTree = "<group>";
		};
/* End PBXVariantGroup section */

/* Begin XCBuildConfiguration section */
		3C235BAD23268ACD00AD359C /* Debug */ = {
			isa = XCBuildConfiguration;
			buildSettings = {
				ALWAYS_SEARCH_USER_PATHS = NO;
				CLANG_ANALYZER_NONNULL = YES;
				CLANG_ANALYZER_NUMBER_OBJECT_CONVERSION = YES_AGGRESSIVE;
				CLANG_CXX_LANGUAGE_STANDARD = "gnu++14";
				CLANG_CXX_LIBRARY = "libc++";
				CLANG_ENABLE_MODULES = YES;
				CLANG_ENABLE_OBJC_ARC = YES;
				CLANG_ENABLE_OBJC_WEAK = YES;
				CLANG_WARN_BLOCK_CAPTURE_AUTORELEASING = YES;
				CLANG_WARN_BOOL_CONVERSION = YES;
				CLANG_WARN_COMMA = YES;
				CLANG_WARN_CONSTANT_CONVERSION = YES;
				CLANG_WARN_DEPRECATED_OBJC_IMPLEMENTATIONS = YES;
				CLANG_WARN_DIRECT_OBJC_ISA_USAGE = YES_ERROR;
				CLANG_WARN_DOCUMENTATION_COMMENTS = YES;
				CLANG_WARN_EMPTY_BODY = YES;
				CLANG_WARN_ENUM_CONVERSION = YES;
				CLANG_WARN_INFINITE_RECURSION = YES;
				CLANG_WARN_INT_CONVERSION = YES;
				CLANG_WARN_NON_LITERAL_NULL_CONVERSION = YES;
				CLANG_WARN_OBJC_IMPLICIT_RETAIN_SELF = YES;
				CLANG_WARN_OBJC_LITERAL_CONVERSION = YES;
				CLANG_WARN_OBJC_ROOT_CLASS = YES_ERROR;
				CLANG_WARN_RANGE_LOOP_ANALYSIS = YES;
				CLANG_WARN_STRICT_PROTOTYPES = YES;
				CLANG_WARN_SUSPICIOUS_MOVE = YES;
				CLANG_WARN_UNGUARDED_AVAILABILITY = YES_AGGRESSIVE;
				CLANG_WARN_UNREACHABLE_CODE = YES;
				CLANG_WARN__DUPLICATE_METHOD_MATCH = YES;
				CODE_SIGN_IDENTITY = "iPhone Developer";
				COPY_PHASE_STRIP = NO;
				DEBUG_INFORMATION_FORMAT = dwarf;
				ENABLE_STRICT_OBJC_MSGSEND = YES;
				ENABLE_TESTABILITY = YES;
				GCC_C_LANGUAGE_STANDARD = gnu11;
				GCC_DYNAMIC_NO_PIC = NO;
				GCC_NO_COMMON_BLOCKS = YES;
				GCC_OPTIMIZATION_LEVEL = 0;
				GCC_PREPROCESSOR_DEFINITIONS = (
					"DEBUG=1",
					"$(inherited)",
				);
				GCC_WARN_64_TO_32_BIT_CONVERSION = YES;
				GCC_WARN_ABOUT_RETURN_TYPE = YES_ERROR;
				GCC_WARN_UNDECLARED_SELECTOR = YES;
				GCC_WARN_UNINITIALIZED_AUTOS = YES_AGGRESSIVE;
				GCC_WARN_UNUSED_FUNCTION = YES;
				GCC_WARN_UNUSED_VARIABLE = YES;
				IPHONEOS_DEPLOYMENT_TARGET = 12.4;
				MTL_ENABLE_DEBUG_INFO = INCLUDE_SOURCE;
				MTL_FAST_MATH = YES;
				ONLY_ACTIVE_ARCH = YES;
				SDKROOT = iphoneos;
			};
			name = Debug;
		};
		3C235BAE23268ACD00AD359C /* Release */ = {
			isa = XCBuildConfiguration;
			buildSettings = {
				ALWAYS_SEARCH_USER_PATHS = NO;
				CLANG_ANALYZER_NONNULL = YES;
				CLANG_ANALYZER_NUMBER_OBJECT_CONVERSION = YES_AGGRESSIVE;
				CLANG_CXX_LANGUAGE_STANDARD = "gnu++14";
				CLANG_CXX_LIBRARY = "libc++";
				CLANG_ENABLE_MODULES = YES;
				CLANG_ENABLE_OBJC_ARC = YES;
				CLANG_ENABLE_OBJC_WEAK = YES;
				CLANG_WARN_BLOCK_CAPTURE_AUTORELEASING = YES;
				CLANG_WARN_BOOL_CONVERSION = YES;
				CLANG_WARN_COMMA = YES;
				CLANG_WARN_CONSTANT_CONVERSION = YES;
				CLANG_WARN_DEPRECATED_OBJC_IMPLEMENTATIONS = YES;
				CLANG_WARN_DIRECT_OBJC_ISA_USAGE = YES_ERROR;
				CLANG_WARN_DOCUMENTATION_COMMENTS = YES;
				CLANG_WARN_EMPTY_BODY = YES;
				CLANG_WARN_ENUM_CONVERSION = YES;
				CLANG_WARN_INFINITE_RECURSION = YES;
				CLANG_WARN_INT_CONVERSION = YES;
				CLANG_WARN_NON_LITERAL_NULL_CONVERSION = YES;
				CLANG_WARN_OBJC_IMPLICIT_RETAIN_SELF = YES;
				CLANG_WARN_OBJC_LITERAL_CONVERSION = YES;
				CLANG_WARN_OBJC_ROOT_CLASS = YES_ERROR;
				CLANG_WARN_RANGE_LOOP_ANALYSIS = YES;
				CLANG_WARN_STRICT_PROTOTYPES = YES;
				CLANG_WARN_SUSPICIOUS_MOVE = YES;
				CLANG_WARN_UNGUARDED_AVAILABILITY = YES_AGGRESSIVE;
				CLANG_WARN_UNREACHABLE_CODE = YES;
				CLANG_WARN__DUPLICATE_METHOD_MATCH = YES;
				CODE_SIGN_IDENTITY = "iPhone Developer";
				COPY_PHASE_STRIP = NO;
				DEBUG_INFORMATION_FORMAT = "dwarf-with-dsym";
				ENABLE_NS_ASSERTIONS = NO;
				ENABLE_STRICT_OBJC_MSGSEND = YES;
				GCC_C_LANGUAGE_STANDARD = gnu11;
				GCC_NO_COMMON_BLOCKS = YES;
				GCC_WARN_64_TO_32_BIT_CONVERSION = YES;
				GCC_WARN_ABOUT_RETURN_TYPE = YES_ERROR;
				GCC_WARN_UNDECLARED_SELECTOR = YES;
				GCC_WARN_UNINITIALIZED_AUTOS = YES_AGGRESSIVE;
				GCC_WARN_UNUSED_FUNCTION = YES;
				GCC_WARN_UNUSED_VARIABLE = YES;
				IPHONEOS_DEPLOYMENT_TARGET = 12.4;
				MTL_ENABLE_DEBUG_INFO = NO;
				MTL_FAST_MATH = YES;
				SDKROOT = iphoneos;
				VALIDATE_PRODUCT = YES;
			};
			name = Release;
		};
		3C235BB023268ACD00AD359C /* Debug */ = {
			isa = XCBuildConfiguration;
			buildSettings = {
				ASSETCATALOG_COMPILER_APPICON_NAME = AppIcon;
				CODE_SIGN_STYLE = Automatic;
				INFOPLIST_FILE = "C++支持/Info.plist";
				LD_RUNPATH_SEARCH_PATHS = (
					"$(inherited)",
					"@executable_path/Frameworks",
				);
				PRODUCT_BUNDLE_IDENTIFIER = "cn.edu.abc.yf.C----";
				PRODUCT_NAME = "$(TARGET_NAME)";
				TARGETED_DEVICE_FAMILY = "1,2";
			};
			name = Debug;
		};
		3C235BB123268ACD00AD359C /* Release */ = {
			isa = XCBuildConfiguration;
			buildSettings = {
				ASSETCATALOG_COMPILER_APPICON_NAME = AppIcon;
				CODE_SIGN_STYLE = Automatic;
				INFOPLIST_FILE = "C++支持/Info.plist";
				LD_RUNPATH_SEARCH_PATHS = (
					"$(inherited)",
					"@executable_path/Frameworks",
				);
				PRODUCT_BUNDLE_IDENTIFIER = "cn.edu.abc.yf.C----";
				PRODUCT_NAME = "$(TARGET_NAME)";
				TARGETED_DEVICE_FAMILY = "1,2";
			};
			name = Release;
		};
/* End XCBuildConfiguration section */

/* Begin XCConfigurationList section */
		3C235B9423268ACC00AD359C /* Build configuration list for PBXProject "C++支持" */ = {
			isa = XCConfigurationList;
			buildConfigurations = (
				3C235BAD23268ACD00AD359C /* Debug */,
				3C235BAE23268ACD00AD359C /* Release */,
			);
			defaultConfigurationIsVisible = 0;
			defaultConfigurationName = Release;
		};
		3C235BAF23268ACD00AD359C /* Build configuration list for PBXNativeTarget "C++支持" */ = {
			isa = XCConfigurationList;
			buildConfigurations = (
				3C235BB023268ACD00AD359C /* Debug */,
				3C235BB123268ACD00AD359C /* Release */,
			);
			defaultConfigurationIsVisible = 0;
			defaultConfigurationName = Release;
		};
/* End XCConfigurationList section */
	};
	rootObject = 3C235B9123268ACC00AD359C /* Project object */;
}
