// !$*UTF8*$!
{
	archiveVersion = 1;
	classes = {
	};
	objectVersion = 56;
	objects = {

/* Begin PBXBuildFile section */
		3C6F6B2B28B60BAB00F2A67F /* AppDelegate.swift in Sources */ = {isa = PBXBuildFile; fileRef = 3C6F6B2A28B60BAB00F2A67F /* AppDelegate.swift */; };
		3C6F6B2D28B60BAB00F2A67F /* SceneDelegate.swift in Sources */ = {isa = PBXBuildFile; fileRef = 3C6F6B2C28B60BAB00F2A67F /* SceneDelegate.swift */; };
		3C6F6B2F28B60BAB00F2A67F /* ViewController.swift in Sources */ = {isa = PBXBuildFile; fileRef = 3C6F6B2E28B60BAB00F2A67F /* ViewController.swift */; };
		3C6F6B3228B60BAB00F2A67F /* Main.storyboard in Resources */ = {isa = PBXBuildFile; fileRef = 3C6F6B3028B60BAB00F2A67F /* Main.storyboard */; };
		3C6F6B3428B60BAC00F2A67F /* Assets.xcassets in Resources */ = {isa = PBXBuildFile; fileRef = 3C6F6B3328B60BAC00F2A67F /* Assets.xcassets */; };
		3C6F6B3728B60BAC00F2A67F /* LaunchScreen.storyboard in Resources */ = {isa = PBXBuildFile; fileRef = 3C6F6B3528B60BAC00F2A67F /* LaunchScreen.storyboard */; };
		3C6F6B4228B60BAC00F2A67F /* iOS16_UISheetPresentationControllerTests.swift in Sources */ = {isa = PBXBuildFile; fileRef = 3C6F6B4128B60BAC00F2A67F /* iOS16_UISheetPresentationControllerTests.swift */; };
		3C6F6B4C28B60BAC00F2A67F /* iOS16_UISheetPresentationControllerUITests.swift in Sources */ = {isa = PBXBuildFile; fileRef = 3C6F6B4B28B60BAC00F2A67F /* iOS16_UISheetPresentationControllerUITests.swift */; };
		3C6F6B4E28B60BAC00F2A67F /* iOS16_UISheetPresentationControllerUITestsLaunchTests.swift in Sources */ = {isa = PBXBuildFile; fileRef = 3C6F6B4D28B60BAC00F2A67F /* iOS16_UISheetPresentationControllerUITestsLaunchTests.swift */; };
/* End PBXBuildFile section */

/* Begin PBXContainerItemProxy section */
		3C6F6B3E28B60BAC00F2A67F /* PBXContainerItemProxy */ = {
			isa = PBXContainerItemProxy;
			containerPortal = 3C6F6B1F28B60BAB00F2A67F /* Project object */;
			proxyType = 1;
			remoteGlobalIDString = 3C6F6B2628B60BAB00F2A67F;
			remoteInfo = "iOS16-UISheetPresentationController";
		};
		3C6F6B4828B60BAC00F2A67F /* PBXContainerItemProxy */ = {
			isa = PBXContainerItemProxy;
			containerPortal = 3C6F6B1F28B60BAB00F2A67F /* Project object */;
			proxyType = 1;
			remoteGlobalIDString = 3C6F6B2628B60BAB00F2A67F;
			remoteInfo = "iOS16-UISheetPresentationController";
		};
/* End PBXContainerItemProxy section */

/* Begin PBXFileReference section */
		3C6F6B2728B60BAB00F2A67F /* iOS16-UISheetPresentationController.app */ = {isa = PBXFileReference; explicitFileType = wrapper.application; includeInIndex = 0; path = "iOS16-UISheetPresentationController.app"; sourceTree = BUILT_PRODUCTS_DIR; };
		3C6F6B2A28B60BAB00F2A67F /* AppDelegate.swift */ = {isa = PBXFileReference; lastKnownFileType = sourcecode.swift; path = AppDelegate.swift; sourceTree = "<group>"; };
		3C6F6B2C28B60BAB00F2A67F /* SceneDelegate.swift */ = {isa = PBXFileReference; lastKnownFileType = sourcecode.swift; path = SceneDelegate.swift; sourceTree = "<group>"; };
		3C6F6B2E28B60BAB00F2A67F /* ViewController.swift */ = {isa = PBXFileReference; lastKnownFileType = sourcecode.swift; path = ViewController.swift; sourceTree = "<group>"; };
		3C6F6B3128B60BAB00F2A67F /* Base */ = {isa = PBXFileReference; lastKnownFileType = file.storyboard; name = Base; path = Base.lproj/Main.storyboard; sourceTree = "<group>"; };
		3C6F6B3328B60BAC00F2A67F /* Assets.xcassets */ = {isa = PBXFileReference; lastKnownFileType = folder.assetcatalog; path = Assets.xcassets; sourceTree = "<group>"; };
		3C6F6B3628B60BAC00F2A67F /* Base */ = {isa = PBXFileReference; lastKnownFileType = file.storyboard; name = Base; path = Base.lproj/LaunchScreen.storyboard; sourceTree = "<group>"; };
		3C6F6B3828B60BAC00F2A67F /* Info.plist */ = {isa = PBXFileReference; lastKnownFileType = text.plist.xml; path = Info.plist; sourceTree = "<group>"; };
		3C6F6B3D28B60BAC00F2A67F /* iOS16-UISheetPresentationControllerTests.xctest */ = {isa = PBXFileReference; explicitFileType = wrapper.cfbundle; includeInIndex = 0; path = "iOS16-UISheetPresentationControllerTests.xctest"; sourceTree = BUILT_PRODUCTS_DIR; };
		3C6F6B4128B60BAC00F2A67F /* iOS16_UISheetPresentationControllerTests.swift */ = {isa = PBXFileReference; lastKnownFileType = sourcecode.swift; path = iOS16_UISheetPresentationControllerTests.swift; sourceTree = "<group>"; };
		3C6F6B4728B60BAC00F2A67F /* iOS16-UISheetPresentationControllerUITests.xctest */ = {isa = PBXFileReference; explicitFileType = wrapper.cfbundle; includeInIndex = 0; path = "iOS16-UISheetPresentationControllerUITests.xctest"; sourceTree = BUILT_PRODUCTS_DIR; };
		3C6F6B4B28B60BAC00F2A67F /* iOS16_UISheetPresentationControllerUITests.swift */ = {isa = PBXFileReference; lastKnownFileType = sourcecode.swift; path = iOS16_UISheetPresentationControllerUITests.swift; sourceTree = "<group>"; };
		3C6F6B4D28B60BAC00F2A67F /* iOS16_UISheetPresentationControllerUITestsLaunchTests.swift */ = {isa = PBXFileReference; lastKnownFileType = sourcecode.swift; path = iOS16_UISheetPresentationControllerUITestsLaunchTests.swift; sourceTree = "<group>"; };
/* End PBXFileReference section */

/* Begin PBXFrameworksBuildPhase section */
		3C6F6B2428B60BAB00F2A67F /* Frameworks */ = {
			isa = PBXFrameworksBuildPhase;
			buildActionMask = 2147483647;
			files = (
			);
			runOnlyForDeploymentPostprocessing = 0;
		};
		3C6F6B3A28B60BAC00F2A67F /* Frameworks */ = {
			isa = PBXFrameworksBuildPhase;
			buildActionMask = 2147483647;
			files = (
			);
			runOnlyForDeploymentPostprocessing = 0;
		};
		3C6F6B4428B60BAC00F2A67F /* Frameworks */ = {
			isa = PBXFrameworksBuildPhase;
			buildActionMask = 2147483647;
			files = (
			);
			runOnlyForDeploymentPostprocessing = 0;
		};
/* End PBXFrameworksBuildPhase section */

/* Begin PBXGroup section */
		3C6F6B1E28B60BAB00F2A67F = {
			isa = PBXGroup;
			children = (
				3C6F6B2928B60BAB00F2A67F /* iOS16-UISheetPresentationController */,
				3C6F6B4028B60BAC00F2A67F /* iOS16-UISheetPresentationControllerTests */,
				3C6F6B4A28B60BAC00F2A67F /* iOS16-UISheetPresentationControllerUITests */,
				3C6F6B2828B60BAB00F2A67F /* Products */,
			);
			sourceTree = "<group>";
		};
		3C6F6B2828B60BAB00F2A67F /* Products */ = {
			isa = PBXGroup;
			children = (
				3C6F6B2728B60BAB00F2A67F /* iOS16-UISheetPresentationController.app */,
				3C6F6B3D28B60BAC00F2A67F /* iOS16-UISheetPresentationControllerTests.xctest */,
				3C6F6B4728B60BAC00F2A67F /* iOS16-UISheetPresentationControllerUITests.xctest */,
			);
			name = Products;
			sourceTree = "<group>";
		};
		3C6F6B2928B60BAB00F2A67F /* iOS16-UISheetPresentationController */ = {
			isa = PBXGroup;
			children = (
				3C6F6B2A28B60BAB00F2A67F /* AppDelegate.swift */,
				3C6F6B2C28B60BAB00F2A67F /* SceneDelegate.swift */,
				3C6F6B2E28B60BAB00F2A67F /* ViewController.swift */,
				3C6F6B3028B60BAB00F2A67F /* Main.storyboard */,
				3C6F6B3328B60BAC00F2A67F /* Assets.xcassets */,
				3C6F6B3528B60BAC00F2A67F /* LaunchScreen.storyboard */,
				3C6F6B3828B60BAC00F2A67F /* Info.plist */,
			);
			path = "iOS16-UISheetPresentationController";
			sourceTree = "<group>";
		};
		3C6F6B4028B60BAC00F2A67F /* iOS16-UISheetPresentationControllerTests */ = {
			isa = PBXGroup;
			children = (
				3C6F6B4128B60BAC00F2A67F /* iOS16_UISheetPresentationControllerTests.swift */,
			);
			path = "iOS16-UISheetPresentationControllerTests";
			sourceTree = "<group>";
		};
		3C6F6B4A28B60BAC00F2A67F /* iOS16-UISheetPresentationControllerUITests */ = {
			isa = PBXGroup;
			children = (
				3C6F6B4B28B60BAC00F2A67F /* iOS16_UISheetPresentationControllerUITests.swift */,
				3C6F6B4D28B60BAC00F2A67F /* iOS16_UISheetPresentationControllerUITestsLaunchTests.swift */,
			);
			path = "iOS16-UISheetPresentationControllerUITests";
			sourceTree = "<group>";
		};
/* End PBXGroup section */

/* Begin PBXNativeTarget section */
		3C6F6B2628B60BAB00F2A67F /* iOS16-UISheetPresentationController */ = {
			isa = PBXNativeTarget;
			buildConfigurationList = 3C6F6B5128B60BAC00F2A67F /* Build configuration list for PBXNativeTarget "iOS16-UISheetPresentationController" */;
			buildPhases = (
				3C6F6B2328B60BAB00F2A67F /* Sources */,
				3C6F6B2428B60BAB00F2A67F /* Frameworks */,
				3C6F6B2528B60BAB00F2A67F /* Resources */,
			);
			buildRules = (
			);
			dependencies = (
			);
			name = "iOS16-UISheetPresentationController";
			productName = "iOS16-UISheetPresentationController";
			productReference = 3C6F6B2728B60BAB00F2A67F /* iOS16-UISheetPresentationController.app */;
			productType = "com.apple.product-type.application";
		};
		3C6F6B3C28B60BAC00F2A67F /* iOS16-UISheetPresentationControllerTests */ = {
			isa = PBXNativeTarget;
			buildConfigurationList = 3C6F6B5428B60BAC00F2A67F /* Build configuration list for PBXNativeTarget "iOS16-UISheetPresentationControllerTests" */;
			buildPhases = (
				3C6F6B3928B60BAC00F2A67F /* Sources */,
				3C6F6B3A28B60BAC00F2A67F /* Frameworks */,
				3C6F6B3B28B60BAC00F2A67F /* Resources */,
			);
			buildRules = (
			);
			dependencies = (
				3C6F6B3F28B60BAC00F2A67F /* PBXTargetDependency */,
			);
			name = "iOS16-UISheetPresentationControllerTests";
			productName = "iOS16-UISheetPresentationControllerTests";
			productReference = 3C6F6B3D28B60BAC00F2A67F /* iOS16-UISheetPresentationControllerTests.xctest */;
			productType = "com.apple.product-type.bundle.unit-test";
		};
		3C6F6B4628B60BAC00F2A67F /* iOS16-UISheetPresentationControllerUITests */ = {
			isa = PBXNativeTarget;
			buildConfigurationList = 3C6F6B5728B60BAC00F2A67F /* Build configuration list for PBXNativeTarget "iOS16-UISheetPresentationControllerUITests" */;
			buildPhases = (
				3C6F6B4328B60BAC00F2A67F /* Sources */,
				3C6F6B4428B60BAC00F2A67F /* Frameworks */,
				3C6F6B4528B60BAC00F2A67F /* Resources */,
			);
			buildRules = (
			);
			dependencies = (
				3C6F6B4928B60BAC00F2A67F /* PBXTargetDependency */,
			);
			name = "iOS16-UISheetPresentationControllerUITests";
			productName = "iOS16-UISheetPresentationControllerUITests";
			productReference = 3C6F6B4728B60BAC00F2A67F /* iOS16-UISheetPresentationControllerUITests.xctest */;
			productType = "com.apple.product-type.bundle.ui-testing";
		};
/* End PBXNativeTarget section */

/* Begin PBXProject section */
		3C6F6B1F28B60BAB00F2A67F /* Project object */ = {
			isa = PBXProject;
			attributes = {
				BuildIndependentTargetsInParallel = 1;
				LastSwiftUpdateCheck = 1400;
				LastUpgradeCheck = 1400;
				TargetAttributes = {
					3C6F6B2628B60BAB00F2A67F = {
						CreatedOnToolsVersion = 14.0;
					};
					3C6F6B3C28B60BAC00F2A67F = {
						CreatedOnToolsVersion = 14.0;
						TestTargetID = 3C6F6B2628B60BAB00F2A67F;
					};
					3C6F6B4628B60BAC00F2A67F = {
						CreatedOnToolsVersion = 14.0;
						TestTargetID = 3C6F6B2628B60BAB00F2A67F;
					};
				};
			};
			buildConfigurationList = 3C6F6B2228B60BAB00F2A67F /* Build configuration list for PBXProject "iOS16-UISheetPresentationController" */;
			compatibilityVersion = "Xcode 14.0";
			developmentRegion = en;
			hasScannedForEncodings = 0;
			knownRegions = (
				en,
				Base,
			);
			mainGroup = 3C6F6B1E28B60BAB00F2A67F;
			productRefGroup = 3C6F6B2828B60BAB00F2A67F /* Products */;
			projectDirPath = "";
			projectRoot = "";
			targets = (
				3C6F6B2628B60BAB00F2A67F /* iOS16-UISheetPresentationController */,
				3C6F6B3C28B60BAC00F2A67F /* iOS16-UISheetPresentationControllerTests */,
				3C6F6B4628B60BAC00F2A67F /* iOS16-UISheetPresentationControllerUITests */,
			);
		};
/* End PBXProject section */

/* Begin PBXResourcesBuildPhase section */
		3C6F6B2528B60BAB00F2A67F /* Resources */ = {
			isa = PBXResourcesBuildPhase;
			buildActionMask = 2147483647;
			files = (
				3C6F6B3728B60BAC00F2A67F /* LaunchScreen.storyboard in Resources */,
				3C6F6B3428B60BAC00F2A67F /* Assets.xcassets in Resources */,
				3C6F6B3228B60BAB00F2A67F /* Main.storyboard in Resources */,
			);
			runOnlyForDeploymentPostprocessing = 0;
		};
		3C6F6B3B28B60BAC00F2A67F /* Resources */ = {
			isa = PBXResourcesBuildPhase;
			buildActionMask = 2147483647;
			files = (
			);
			runOnlyForDeploymentPostprocessing = 0;
		};
		3C6F6B4528B60BAC00F2A67F /* Resources */ = {
			isa = PBXResourcesBuildPhase;
			buildActionMask = 2147483647;
			files = (
			);
			runOnlyForDeploymentPostprocessing = 0;
		};
/* End PBXResourcesBuildPhase section */

/* Begin PBXSourcesBuildPhase section */
		3C6F6B2328B60BAB00F2A67F /* Sources */ = {
			isa = PBXSourcesBuildPhase;
			buildActionMask = 2147483647;
			files = (
				3C6F6B2F28B60BAB00F2A67F /* ViewController.swift in Sources */,
				3C6F6B2B28B60BAB00F2A67F /* AppDelegate.swift in Sources */,
				3C6F6B2D28B60BAB00F2A67F /* SceneDelegate.swift in Sources */,
			);
			runOnlyForDeploymentPostprocessing = 0;
		};
		3C6F6B3928B60BAC00F2A67F /* Sources */ = {
			isa = PBXSourcesBuildPhase;
			buildActionMask = 2147483647;
			files = (
				3C6F6B4228B60BAC00F2A67F /* iOS16_UISheetPresentationControllerTests.swift in Sources */,
			);
			runOnlyForDeploymentPostprocessing = 0;
		};
		3C6F6B4328B60BAC00F2A67F /* Sources */ = {
			isa = PBXSourcesBuildPhase;
			buildActionMask = 2147483647;
			files = (
				3C6F6B4C28B60BAC00F2A67F /* iOS16_UISheetPresentationControllerUITests.swift in Sources */,
				3C6F6B4E28B60BAC00F2A67F /* iOS16_UISheetPresentationControllerUITestsLaunchTests.swift in Sources */,
			);
			runOnlyForDeploymentPostprocessing = 0;
		};
/* End PBXSourcesBuildPhase section */

/* Begin PBXTargetDependency section */
		3C6F6B3F28B60BAC00F2A67F /* PBXTargetDependency */ = {
			isa = PBXTargetDependency;
			target = 3C6F6B2628B60BAB00F2A67F /* iOS16-UISheetPresentationController */;
			targetProxy = 3C6F6B3E28B60BAC00F2A67F /* PBXContainerItemProxy */;
		};
		3C6F6B4928B60BAC00F2A67F /* PBXTargetDependency */ = {
			isa = PBXTargetDependency;
			target = 3C6F6B2628B60BAB00F2A67F /* iOS16-UISheetPresentationController */;
			targetProxy = 3C6F6B4828B60BAC00F2A67F /* PBXContainerItemProxy */;
		};
/* End PBXTargetDependency section */

/* Begin PBXVariantGroup section */
		3C6F6B3028B60BAB00F2A67F /* Main.storyboard */ = {
			isa = PBXVariantGroup;
			children = (
				3C6F6B3128B60BAB00F2A67F /* Base */,
			);
			name = Main.storyboard;
			sourceTree = "<group>";
		};
		3C6F6B3528B60BAC00F2A67F /* LaunchScreen.storyboard */ = {
			isa = PBXVariantGroup;
			children = (
				3C6F6B3628B60BAC00F2A67F /* Base */,
			);
			name = LaunchScreen.storyboard;
			sourceTree = "<group>";
		};
/* End PBXVariantGroup section */

/* Begin XCBuildConfiguration section */
		3C6F6B4F28B60BAC00F2A67F /* Debug */ = {
			isa = XCBuildConfiguration;
			buildSettings = {
				ALWAYS_SEARCH_USER_PATHS = NO;
				CLANG_ANALYZER_NONNULL = YES;
				CLANG_ANALYZER_NUMBER_OBJECT_CONVERSION = YES_AGGRESSIVE;
				CLANG_CXX_LANGUAGE_STANDARD = "gnu++20";
				CLANG_ENABLE_MODULES = YES;
				CLANG_ENABLE_OBJC_ARC = YES;
				CLANG_ENABLE_OBJC_WEAK = YES;
				CLANG_WARN_BLOCK_CAPTURE_AUTORELEASING = YES;
				CLANG_WARN_BOOL_CONVERSION = YES;
				CLANG_WARN_COMMA = YES;
				CLANG_WARN_CONSTANT_CONVERSION = YES;
				CLANG_WARN_DEPRECATED_OBJC_IMPLEMENTATIONS = YES;
				CLANG_WARN_DIRECT_OBJC_ISA_USAGE = YES_ERROR;
				CLANG_WARN_DOCUMENTATION_COMMENTS = YES;
				CLANG_WARN_EMPTY_BODY = YES;
				CLANG_WARN_ENUM_CONVERSION = YES;
				CLANG_WARN_INFINITE_RECURSION = YES;
				CLANG_WARN_INT_CONVERSION = YES;
				CLANG_WARN_NON_LITERAL_NULL_CONVERSION = YES;
				CLANG_WARN_OBJC_IMPLICIT_RETAIN_SELF = YES;
				CLANG_WARN_OBJC_LITERAL_CONVERSION = YES;
				CLANG_WARN_OBJC_ROOT_CLASS = YES_ERROR;
				CLANG_WARN_QUOTED_INCLUDE_IN_FRAMEWORK_HEADER = YES;
				CLANG_WARN_RANGE_LOOP_ANALYSIS = YES;
				CLANG_WARN_STRICT_PROTOTYPES = YES;
				CLANG_WARN_SUSPICIOUS_MOVE = YES;
				CLANG_WARN_UNGUARDED_AVAILABILITY = YES_AGGRESSIVE;
				CLANG_WARN_UNREACHABLE_CODE = YES;
				CLANG_WARN__DUPLICATE_METHOD_MATCH = YES;
				COPY_PHASE_STRIP = NO;
				DEBUG_INFORMATION_FORMAT = dwarf;
				ENABLE_STRICT_OBJC_MSGSEND = YES;
				ENABLE_TESTABILITY = YES;
				GCC_C_LANGUAGE_STANDARD = gnu11;
				GCC_DYNAMIC_NO_PIC = NO;
				GCC_NO_COMMON_BLOCKS = YES;
				GCC_OPTIMIZATION_LEVEL = 0;
				GCC_PREPROCESSOR_DEFINITIONS = (
					"DEBUG=1",
					"$(inherited)",
				);
				GCC_WARN_64_TO_32_BIT_CONVERSION = YES;
				GCC_WARN_ABOUT_RETURN_TYPE = YES_ERROR;
				GCC_WARN_UNDECLARED_SELECTOR = YES;
				GCC_WARN_UNINITIALIZED_AUTOS = YES_AGGRESSIVE;
				GCC_WARN_UNUSED_FUNCTION = YES;
				GCC_WARN_UNUSED_VARIABLE = YES;
				IPHONEOS_DEPLOYMENT_TARGET = 16.0;
				MTL_ENABLE_DEBUG_INFO = INCLUDE_SOURCE;
				MTL_FAST_MATH = YES;
				ONLY_ACTIVE_ARCH = YES;
				SDKROOT = iphoneos;
				SWIFT_ACTIVE_COMPILATION_CONDITIONS = DEBUG;
				SWIFT_OPTIMIZATION_LEVEL = "-Onone";
			};
			name = Debug;
		};
		3C6F6B5028B60BAC00F2A67F /* Release */ = {
			isa = XCBuildConfiguration;
			buildSettings = {
				ALWAYS_SEARCH_USER_PATHS = NO;
				CLANG_ANALYZER_NONNULL = YES;
				CLANG_ANALYZER_NUMBER_OBJECT_CONVERSION = YES_AGGRESSIVE;
				CLANG_CXX_LANGUAGE_STANDARD = "gnu++20";
				CLANG_ENABLE_MODULES = YES;
				CLANG_ENABLE_OBJC_ARC = YES;
				CLANG_ENABLE_OBJC_WEAK = YES;
				CLANG_WARN_BLOCK_CAPTURE_AUTORELEASING = YES;
				CLANG_WARN_BOOL_CONVERSION = YES;
				CLANG_WARN_COMMA = YES;
				CLANG_WARN_CONSTANT_CONVERSION = YES;
				CLANG_WARN_DEPRECATED_OBJC_IMPLEMENTATIONS = YES;
				CLANG_WARN_DIRECT_OBJC_ISA_USAGE = YES_ERROR;
				CLANG_WARN_DOCUMENTATION_COMMENTS = YES;
				CLANG_WARN_EMPTY_BODY = YES;
				CLANG_WARN_ENUM_CONVERSION = YES;
				CLANG_WARN_INFINITE_RECURSION = YES;
				CLANG_WARN_INT_CONVERSION = YES;
				CLANG_WARN_NON_LITERAL_NULL_CONVERSION = YES;
				CLANG_WARN_OBJC_IMPLICIT_RETAIN_SELF = YES;
				CLANG_WARN_OBJC_LITERAL_CONVERSION = YES;
				CLANG_WARN_OBJC_ROOT_CLASS = YES_ERROR;
				CLANG_WARN_QUOTED_INCLUDE_IN_FRAMEWORK_HEADER = YES;
				CLANG_WARN_RANGE_LOOP_ANALYSIS = YES;
				CLANG_WARN_STRICT_PROTOTYPES = YES;
				CLANG_WARN_SUSPICIOUS_MOVE = YES;
				CLANG_WARN_UNGUARDED_AVAILABILITY = YES_AGGRESSIVE;
				CLANG_WARN_UNREACHABLE_CODE = YES;
				CLANG_WARN__DUPLICATE_METHOD_MATCH = YES;
				COPY_PHASE_STRIP = NO;
				DEBUG_INFORMATION_FORMAT = "dwarf-with-dsym";
				ENABLE_NS_ASSERTIONS = NO;
				ENABLE_STRICT_OBJC_MSGSEND = YES;
				GCC_C_LANGUAGE_STANDARD = gnu11;
				GCC_NO_COMMON_BLOCKS = YES;
				GCC_WARN_64_TO_32_BIT_CONVERSION = YES;
				GCC_WARN_ABOUT_RETURN_TYPE = YES_ERROR;
				GCC_WARN_UNDECLARED_SELECTOR = YES;
				GCC_WARN_UNINITIALIZED_AUTOS = YES_AGGRESSIVE;
				GCC_WARN_UNUSED_FUNCTION = YES;
				GCC_WARN_UNUSED_VARIABLE = YES;
				IPHONEOS_DEPLOYMENT_TARGET = 16.0;
				MTL_ENABLE_DEBUG_INFO = NO;
				MTL_FAST_MATH = YES;
				SDKROOT = iphoneos;
				SWIFT_COMPILATION_MODE = wholemodule;
				SWIFT_OPTIMIZATION_LEVEL = "-O";
				VALIDATE_PRODUCT = YES;
			};
			name = Release;
		};
		3C6F6B5228B60BAC00F2A67F /* Debug */ = {
			isa = XCBuildConfiguration;
			buildSettings = {
				ASSETCATALOG_COMPILER_APPICON_NAME = AppIcon;
				ASSETCATALOG_COMPILER_GLOBAL_ACCENT_COLOR_NAME = AccentColor;
				CODE_SIGN_STYLE = Automatic;
				CURRENT_PROJECT_VERSION = 1;
				GENERATE_INFOPLIST_FILE = YES;
				INFOPLIST_FILE = "iOS16-UISheetPresentationController/Info.plist";
				INFOPLIST_KEY_UIApplicationSupportsIndirectInputEvents = YES;
				INFOPLIST_KEY_UILaunchStoryboardName = LaunchScreen;
				INFOPLIST_KEY_UIMainStoryboardFile = Main;
				INFOPLIST_KEY_UISupportedInterfaceOrientations_iPad = "UIInterfaceOrientationPortrait UIInterfaceOrientationPortraitUpsideDown UIInterfaceOrientationLandscapeLeft UIInterfaceOrientationLandscapeRight";
				INFOPLIST_KEY_UISupportedInterfaceOrientations_iPhone = "UIInterfaceOrientationPortrait UIInterfaceOrientationLandscapeLeft UIInterfaceOrientationLandscapeRight";
				LD_RUNPATH_SEARCH_PATHS = (
					"$(inherited)",
					"@executable_path/Frameworks",
				);
				MARKETING_VERSION = 1.0;
				PRODUCT_BUNDLE_IDENTIFIER = "cn.developer.yf.iOS16-UISheetPresentationController";
				PRODUCT_NAME = "$(TARGET_NAME)";
				SWIFT_EMIT_LOC_STRINGS = YES;
				SWIFT_VERSION = 5.0;
				TARGETED_DEVICE_FAMILY = "1,2";
			};
			name = Debug;
		};
		3C6F6B5328B60BAC00F2A67F /* Release */ = {
			isa = XCBuildConfiguration;
			buildSettings = {
				ASSETCATALOG_COMPILER_APPICON_NAME = AppIcon;
				ASSETCATALOG_COMPILER_GLOBAL_ACCENT_COLOR_NAME = AccentColor;
				CODE_SIGN_STYLE = Automatic;
				CURRENT_PROJECT_VERSION = 1;
				GENERATE_INFOPLIST_FILE = YES;
				INFOPLIST_FILE = "iOS16-UISheetPresentationController/Info.plist";
				INFOPLIST_KEY_UIApplicationSupportsIndirectInputEvents = YES;
				INFOPLIST_KEY_UILaunchStoryboardName = LaunchScreen;
				INFOPLIST_KEY_UIMainStoryboardFile = Main;
				INFOPLIST_KEY_UISupportedInterfaceOrientations_iPad = "UIInterfaceOrientationPortrait UIInterfaceOrientationPortraitUpsideDown UIInterfaceOrientationLandscapeLeft UIInterfaceOrientationLandscapeRight";
				INFOPLIST_KEY_UISupportedInterfaceOrientations_iPhone = "UIInterfaceOrientationPortrait UIInterfaceOrientationLandscapeLeft UIInterfaceOrientationLandscapeRight";
				LD_RUNPATH_SEARCH_PATHS = (
					"$(inherited)",
					"@executable_path/Frameworks",
				);
				MARKETING_VERSION = 1.0;
				PRODUCT_BUNDLE_IDENTIFIER = "cn.developer.yf.iOS16-UISheetPresentationController";
				PRODUCT_NAME = "$(TARGET_NAME)";
				SWIFT_EMIT_LOC_STRINGS = YES;
				SWIFT_VERSION = 5.0;
				TARGETED_DEVICE_FAMILY = "1,2";
			};
			name = Release;
		};
		3C6F6B5528B60BAC00F2A67F /* Debug */ = {
			isa = XCBuildConfiguration;
			buildSettings = {
				ALWAYS_EMBED_SWIFT_STANDARD_LIBRARIES = YES;
				BUNDLE_LOADER = "$(TEST_HOST)";
				CODE_SIGN_STYLE = Automatic;
				CURRENT_PROJECT_VERSION = 1;
				GENERATE_INFOPLIST_FILE = YES;
				IPHONEOS_DEPLOYMENT_TARGET = 16.0;
				MARKETING_VERSION = 1.0;
				PRODUCT_BUNDLE_IDENTIFIER = "cn.developer.yf.iOS16-UISheetPresentationControllerTests";
				PRODUCT_NAME = "$(TARGET_NAME)";
				SWIFT_EMIT_LOC_STRINGS = NO;
				SWIFT_VERSION = 5.0;
				TARGETED_DEVICE_FAMILY = "1,2";
				TEST_HOST = "$(BUILT_PRODUCTS_DIR)/iOS16-UISheetPresentationController.app/$(BUNDLE_EXECUTABLE_FOLDER_PATH)/iOS16-UISheetPresentationController";
			};
			name = Debug;
		};
		3C6F6B5628B60BAC00F2A67F /* Release */ = {
			isa = XCBuildConfiguration;
			buildSettings = {
				ALWAYS_EMBED_SWIFT_STANDARD_LIBRARIES = YES;
				BUNDLE_LOADER = "$(TEST_HOST)";
				CODE_SIGN_STYLE = Automatic;
				CURRENT_PROJECT_VERSION = 1;
				GENERATE_INFOPLIST_FILE = YES;
				IPHONEOS_DEPLOYMENT_TARGET = 16.0;
				MARKETING_VERSION = 1.0;
				PRODUCT_BUNDLE_IDENTIFIER = "cn.developer.yf.iOS16-UISheetPresentationControllerTests";
				PRODUCT_NAME = "$(TARGET_NAME)";
				SWIFT_EMIT_LOC_STRINGS = NO;
				SWIFT_VERSION = 5.0;
				TARGETED_DEVICE_FAMILY = "1,2";
				TEST_HOST = "$(BUILT_PRODUCTS_DIR)/iOS16-UISheetPresentationController.app/$(BUNDLE_EXECUTABLE_FOLDER_PATH)/iOS16-UISheetPresentationController";
			};
			name = Release;
		};
		3C6F6B5828B60BAC00F2A67F /* Debug */ = {
			isa = XCBuildConfiguration;
			buildSettings = {
				ALWAYS_EMBED_SWIFT_STANDARD_LIBRARIES = YES;
				CODE_SIGN_STYLE = Automatic;
				CURRENT_PROJECT_VERSION = 1;
				GENERATE_INFOPLIST_FILE = YES;
				MARKETING_VERSION = 1.0;
				PRODUCT_BUNDLE_IDENTIFIER = "cn.developer.yf.iOS16-UISheetPresentationControllerUITests";
				PRODUCT_NAME = "$(TARGET_NAME)";
				SWIFT_EMIT_LOC_STRINGS = NO;
				SWIFT_VERSION = 5.0;
				TARGETED_DEVICE_FAMILY = "1,2";
				TEST_TARGET_NAME = "iOS16-UISheetPresentationController";
			};
			name = Debug;
		};
		3C6F6B5928B60BAC00F2A67F /* Release */ = {
			isa = XCBuildConfiguration;
			buildSettings = {
				ALWAYS_EMBED_SWIFT_STANDARD_LIBRARIES = YES;
				CODE_SIGN_STYLE = Automatic;
				CURRENT_PROJECT_VERSION = 1;
				GENERATE_INFOPLIST_FILE = YES;
				MARKETING_VERSION = 1.0;
				PRODUCT_BUNDLE_IDENTIFIER = "cn.developer.yf.iOS16-UISheetPresentationControllerUITests";
				PRODUCT_NAME = "$(TARGET_NAME)";
				SWIFT_EMIT_LOC_STRINGS = NO;
				SWIFT_VERSION = 5.0;
				TARGETED_DEVICE_FAMILY = "1,2";
				TEST_TARGET_NAME = "iOS16-UISheetPresentationController";
			};
			name = Release;
		};
/* End XCBuildConfiguration section */

/* Begin XCConfigurationList section */
		3C6F6B2228B60BAB00F2A67F /* Build configuration list for PBXProject "iOS16-UISheetPresentationController" */ = {
			isa = XCConfigurationList;
			buildConfigurations = (
				3C6F6B4F28B60BAC00F2A67F /* Debug */,
				3C6F6B5028B60BAC00F2A67F /* Release */,
			);
			defaultConfigurationIsVisible = 0;
			defaultConfigurationName = Release;
		};
		3C6F6B5128B60BAC00F2A67F /* Build configuration list for PBXNativeTarget "iOS16-UISheetPresentationController" */ = {
			isa = XCConfigurationList;
			buildConfigurations = (
				3C6F6B5228B60BAC00F2A67F /* Debug */,
				3C6F6B5328B60BAC00F2A67F /* Release */,
			);
			defaultConfigurationIsVisible = 0;
			defaultConfigurationName = Release;
		};
		3C6F6B5428B60BAC00F2A67F /* Build configuration list for PBXNativeTarget "iOS16-UISheetPresentationControllerTests" */ = {
			isa = XCConfigurationList;
			buildConfigurations = (
				3C6F6B5528B60BAC00F2A67F /* Debug */,
				3C6F6B5628B60BAC00F2A67F /* Release */,
			);
			defaultConfigurationIsVisible = 0;
			defaultConfigurationName = Release;
		};
		3C6F6B5728B60BAC00F2A67F /* Build configuration list for PBXNativeTarget "iOS16-UISheetPresentationControllerUITests" */ = {
			isa = XCConfigurationList;
			buildConfigurations = (
				3C6F6B5828B60BAC00F2A67F /* Debug */,
				3C6F6B5928B60BAC00F2A67F /* Release */,
			);
			defaultConfigurationIsVisible = 0;
			defaultConfigurationName = Release;
		};
/* End XCConfigurationList section */
	};
	rootObject = 3C6F6B1F28B60BAB00F2A67F /* Project object */;
}
