// !$*UTF8*$!
{
	archiveVersion = 1;
	classes = {
	};
	objectVersion = 56;
	objects = {

/* Begin PBXBuildFile section */
		3C5CCBBF287675460090F169 /* AppDelegate.swift in Sources */ = {isa = PBXBuildFile; fileRef = 3C5CCBBE287675460090F169 /* AppDelegate.swift */; };
		3C5CCBC1287675460090F169 /* SceneDelegate.swift in Sources */ = {isa = PBXBuildFile; fileRef = 3C5CCBC0287675460090F169 /* SceneDelegate.swift */; };
		3C5CCBC3287675460090F169 /* ViewController.swift in Sources */ = {isa = PBXBuildFile; fileRef = 3C5CCBC2287675460090F169 /* ViewController.swift */; };
		3C5CCBC6287675460090F169 /* Main.storyboard in Resources */ = {isa = PBXBuildFile; fileRef = 3C5CCBC4287675460090F169 /* Main.storyboard */; };
		3C5CCBC8287675510090F169 /* Assets.xcassets in Resources */ = {isa = PBXBuildFile; fileRef = 3C5CCBC7287675510090F169 /* Assets.xcassets */; };
		3C5CCBCB287675510090F169 /* LaunchScreen.storyboard in Resources */ = {isa = PBXBuildFile; fileRef = 3C5CCBC9287675510090F169 /* LaunchScreen.storyboard */; };
		3C5CCBD6287675510090F169 /* BackgroundTasksDemoTests.swift in Sources */ = {isa = PBXBuildFile; fileRef = 3C5CCBD5287675510090F169 /* BackgroundTasksDemoTests.swift */; };
		3C5CCBE0287675510090F169 /* BackgroundTasksDemoUITests.swift in Sources */ = {isa = PBXBuildFile; fileRef = 3C5CCBDF287675510090F169 /* BackgroundTasksDemoUITests.swift */; };
		3C5CCBE2287675510090F169 /* BackgroundTasksDemoUITestsLaunchTests.swift in Sources */ = {isa = PBXBuildFile; fileRef = 3C5CCBE1287675510090F169 /* BackgroundTasksDemoUITestsLaunchTests.swift */; };
/* End PBXBuildFile section */

/* Begin PBXContainerItemProxy section */
		3C5CCBD2287675510090F169 /* PBXContainerItemProxy */ = {
			isa = PBXContainerItemProxy;
			containerPortal = 3C5CCBB3287675460090F169 /* Project object */;
			proxyType = 1;
			remoteGlobalIDString = 3C5CCBBA287675460090F169;
			remoteInfo = BackgroundTasksDemo;
		};
		3C5CCBDC287675510090F169 /* PBXContainerItemProxy */ = {
			isa = PBXContainerItemProxy;
			containerPortal = 3C5CCBB3287675460090F169 /* Project object */;
			proxyType = 1;
			remoteGlobalIDString = 3C5CCBBA287675460090F169;
			remoteInfo = BackgroundTasksDemo;
		};
/* End PBXContainerItemProxy section */

/* Begin PBXFileReference section */
		3C5CCBBB287675460090F169 /* BackgroundTasksDemo.app */ = {isa = PBXFileReference; explicitFileType = wrapper.application; includeInIndex = 0; path = BackgroundTasksDemo.app; sourceTree = BUILT_PRODUCTS_DIR; };
		3C5CCBBE287675460090F169 /* AppDelegate.swift */ = {isa = PBXFileReference; lastKnownFileType = sourcecode.swift; path = AppDelegate.swift; sourceTree = "<group>"; };
		3C5CCBC0287675460090F169 /* SceneDelegate.swift */ = {isa = PBXFileReference; lastKnownFileType = sourcecode.swift; path = SceneDelegate.swift; sourceTree = "<group>"; };
		3C5CCBC2287675460090F169 /* ViewController.swift */ = {isa = PBXFileReference; lastKnownFileType = sourcecode.swift; path = ViewController.swift; sourceTree = "<group>"; };
		3C5CCBC5287675460090F169 /* Base */ = {isa = PBXFileReference; lastKnownFileType = file.storyboard; name = Base; path = Base.lproj/Main.storyboard; sourceTree = "<group>"; };
		3C5CCBC7287675510090F169 /* Assets.xcassets */ = {isa = PBXFileReference; lastKnownFileType = folder.assetcatalog; path = Assets.xcassets; sourceTree = "<group>"; };
		3C5CCBCA287675510090F169 /* Base */ = {isa = PBXFileReference; lastKnownFileType = file.storyboard; name = Base; path = Base.lproj/LaunchScreen.storyboard; sourceTree = "<group>"; };
		3C5CCBCC287675510090F169 /* Info.plist */ = {isa = PBXFileReference; lastKnownFileType = text.plist.xml; path = Info.plist; sourceTree = "<group>"; };
		3C5CCBD1287675510090F169 /* BackgroundTasksDemoTests.xctest */ = {isa = PBXFileReference; explicitFileType = wrapper.cfbundle; includeInIndex = 0; path = BackgroundTasksDemoTests.xctest; sourceTree = BUILT_PRODUCTS_DIR; };
		3C5CCBD5287675510090F169 /* BackgroundTasksDemoTests.swift */ = {isa = PBXFileReference; lastKnownFileType = sourcecode.swift; path = BackgroundTasksDemoTests.swift; sourceTree = "<group>"; };
		3C5CCBDB287675510090F169 /* BackgroundTasksDemoUITests.xctest */ = {isa = PBXFileReference; explicitFileType = wrapper.cfbundle; includeInIndex = 0; path = BackgroundTasksDemoUITests.xctest; sourceTree = BUILT_PRODUCTS_DIR; };
		3C5CCBDF287675510090F169 /* BackgroundTasksDemoUITests.swift */ = {isa = PBXFileReference; lastKnownFileType = sourcecode.swift; path = BackgroundTasksDemoUITests.swift; sourceTree = "<group>"; };
		3C5CCBE1287675510090F169 /* BackgroundTasksDemoUITestsLaunchTests.swift */ = {isa = PBXFileReference; lastKnownFileType = sourcecode.swift; path = BackgroundTasksDemoUITestsLaunchTests.swift; sourceTree = "<group>"; };
/* End PBXFileReference section */

/* Begin PBXFrameworksBuildPhase section */
		3C5CCBB8287675460090F169 /* Frameworks */ = {
			isa = PBXFrameworksBuildPhase;
			buildActionMask = 2147483647;
			files = (
			);
			runOnlyForDeploymentPostprocessing = 0;
		};
		3C5CCBCE287675510090F169 /* Frameworks */ = {
			isa = PBXFrameworksBuildPhase;
			buildActionMask = 2147483647;
			files = (
			);
			runOnlyForDeploymentPostprocessing = 0;
		};
		3C5CCBD8287675510090F169 /* Frameworks */ = {
			isa = PBXFrameworksBuildPhase;
			buildActionMask = 2147483647;
			files = (
			);
			runOnlyForDeploymentPostprocessing = 0;
		};
/* End PBXFrameworksBuildPhase section */

/* Begin PBXGroup section */
		3C5CCBB2287675460090F169 = {
			isa = PBXGroup;
			children = (
				3C5CCBBD287675460090F169 /* BackgroundTasksDemo */,
				3C5CCBD4287675510090F169 /* BackgroundTasksDemoTests */,
				3C5CCBDE287675510090F169 /* BackgroundTasksDemoUITests */,
				3C5CCBBC287675460090F169 /* Products */,
			);
			sourceTree = "<group>";
		};
		3C5CCBBC287675460090F169 /* Products */ = {
			isa = PBXGroup;
			children = (
				3C5CCBBB287675460090F169 /* BackgroundTasksDemo.app */,
				3C5CCBD1287675510090F169 /* BackgroundTasksDemoTests.xctest */,
				3C5CCBDB287675510090F169 /* BackgroundTasksDemoUITests.xctest */,
			);
			name = Products;
			sourceTree = "<group>";
		};
		3C5CCBBD287675460090F169 /* BackgroundTasksDemo */ = {
			isa = PBXGroup;
			children = (
				3C5CCBBE287675460090F169 /* AppDelegate.swift */,
				3C5CCBC0287675460090F169 /* SceneDelegate.swift */,
				3C5CCBC2287675460090F169 /* ViewController.swift */,
				3C5CCBC4287675460090F169 /* Main.storyboard */,
				3C5CCBC7287675510090F169 /* Assets.xcassets */,
				3C5CCBC9287675510090F169 /* LaunchScreen.storyboard */,
				3C5CCBCC287675510090F169 /* Info.plist */,
			);
			path = BackgroundTasksDemo;
			sourceTree = "<group>";
		};
		3C5CCBD4287675510090F169 /* BackgroundTasksDemoTests */ = {
			isa = PBXGroup;
			children = (
				3C5CCBD5287675510090F169 /* BackgroundTasksDemoTests.swift */,
			);
			path = BackgroundTasksDemoTests;
			sourceTree = "<group>";
		};
		3C5CCBDE287675510090F169 /* BackgroundTasksDemoUITests */ = {
			isa = PBXGroup;
			children = (
				3C5CCBDF287675510090F169 /* BackgroundTasksDemoUITests.swift */,
				3C5CCBE1287675510090F169 /* BackgroundTasksDemoUITestsLaunchTests.swift */,
			);
			path = BackgroundTasksDemoUITests;
			sourceTree = "<group>";
		};
/* End PBXGroup section */

/* Begin PBXNativeTarget section */
		3C5CCBBA287675460090F169 /* BackgroundTasksDemo */ = {
			isa = PBXNativeTarget;
			buildConfigurationList = 3C5CCBE5287675510090F169 /* Build configuration list for PBXNativeTarget "BackgroundTasksDemo" */;
			buildPhases = (
				3C5CCBB7287675460090F169 /* Sources */,
				3C5CCBB8287675460090F169 /* Frameworks */,
				3C5CCBB9287675460090F169 /* Resources */,
			);
			buildRules = (
			);
			dependencies = (
			);
			name = BackgroundTasksDemo;
			productName = BackgroundTasksDemo;
			productReference = 3C5CCBBB287675460090F169 /* BackgroundTasksDemo.app */;
			productType = "com.apple.product-type.application";
		};
		3C5CCBD0287675510090F169 /* BackgroundTasksDemoTests */ = {
			isa = PBXNativeTarget;
			buildConfigurationList = 3C5CCBE8287675510090F169 /* Build configuration list for PBXNativeTarget "BackgroundTasksDemoTests" */;
			buildPhases = (
				3C5CCBCD287675510090F169 /* Sources */,
				3C5CCBCE287675510090F169 /* Frameworks */,
				3C5CCBCF287675510090F169 /* Resources */,
			);
			buildRules = (
			);
			dependencies = (
				3C5CCBD3287675510090F169 /* PBXTargetDependency */,
			);
			name = BackgroundTasksDemoTests;
			productName = BackgroundTasksDemoTests;
			productReference = 3C5CCBD1287675510090F169 /* BackgroundTasksDemoTests.xctest */;
			productType = "com.apple.product-type.bundle.unit-test";
		};
		3C5CCBDA287675510090F169 /* BackgroundTasksDemoUITests */ = {
			isa = PBXNativeTarget;
			buildConfigurationList = 3C5CCBEB287675510090F169 /* Build configuration list for PBXNativeTarget "BackgroundTasksDemoUITests" */;
			buildPhases = (
				3C5CCBD7287675510090F169 /* Sources */,
				3C5CCBD8287675510090F169 /* Frameworks */,
				3C5CCBD9287675510090F169 /* Resources */,
			);
			buildRules = (
			);
			dependencies = (
				3C5CCBDD287675510090F169 /* PBXTargetDependency */,
			);
			name = BackgroundTasksDemoUITests;
			productName = BackgroundTasksDemoUITests;
			productReference = 3C5CCBDB287675510090F169 /* BackgroundTasksDemoUITests.xctest */;
			productType = "com.apple.product-type.bundle.ui-testing";
		};
/* End PBXNativeTarget section */

/* Begin PBXProject section */
		3C5CCBB3287675460090F169 /* Project object */ = {
			isa = PBXProject;
			attributes = {
				BuildIndependentTargetsInParallel = 1;
				LastSwiftUpdateCheck = 1400;
				LastUpgradeCheck = 1400;
				TargetAttributes = {
					3C5CCBBA287675460090F169 = {
						CreatedOnToolsVersion = 14.0;
					};
					3C5CCBD0287675510090F169 = {
						CreatedOnToolsVersion = 14.0;
						TestTargetID = 3C5CCBBA287675460090F169;
					};
					3C5CCBDA287675510090F169 = {
						CreatedOnToolsVersion = 14.0;
						TestTargetID = 3C5CCBBA287675460090F169;
					};
				};
			};
			buildConfigurationList = 3C5CCBB6287675460090F169 /* Build configuration list for PBXProject "BackgroundTasksDemo" */;
			compatibilityVersion = "Xcode 14.0";
			developmentRegion = en;
			hasScannedForEncodings = 0;
			knownRegions = (
				en,
				Base,
			);
			mainGroup = 3C5CCBB2287675460090F169;
			productRefGroup = 3C5CCBBC287675460090F169 /* Products */;
			projectDirPath = "";
			projectRoot = "";
			targets = (
				3C5CCBBA287675460090F169 /* BackgroundTasksDemo */,
				3C5CCBD0287675510090F169 /* BackgroundTasksDemoTests */,
				3C5CCBDA287675510090F169 /* BackgroundTasksDemoUITests */,
			);
		};
/* End PBXProject section */

/* Begin PBXResourcesBuildPhase section */
		3C5CCBB9287675460090F169 /* Resources */ = {
			isa = PBXResourcesBuildPhase;
			buildActionMask = 2147483647;
			files = (
				3C5CCBCB287675510090F169 /* LaunchScreen.storyboard in Resources */,
				3C5CCBC8287675510090F169 /* Assets.xcassets in Resources */,
				3C5CCBC6287675460090F169 /* Main.storyboard in Resources */,
			);
			runOnlyForDeploymentPostprocessing = 0;
		};
		3C5CCBCF287675510090F169 /* Resources */ = {
			isa = PBXResourcesBuildPhase;
			buildActionMask = 2147483647;
			files = (
			);
			runOnlyForDeploymentPostprocessing = 0;
		};
		3C5CCBD9287675510090F169 /* Resources */ = {
			isa = PBXResourcesBuildPhase;
			buildActionMask = 2147483647;
			files = (
			);
			runOnlyForDeploymentPostprocessing = 0;
		};
/* End PBXResourcesBuildPhase section */

/* Begin PBXSourcesBuildPhase section */
		3C5CCBB7287675460090F169 /* Sources */ = {
			isa = PBXSourcesBuildPhase;
			buildActionMask = 2147483647;
			files = (
				3C5CCBC3287675460090F169 /* ViewController.swift in Sources */,
				3C5CCBBF287675460090F169 /* AppDelegate.swift in Sources */,
				3C5CCBC1287675460090F169 /* SceneDelegate.swift in Sources */,
			);
			runOnlyForDeploymentPostprocessing = 0;
		};
		3C5CCBCD287675510090F169 /* Sources */ = {
			isa = PBXSourcesBuildPhase;
			buildActionMask = 2147483647;
			files = (
				3C5CCBD6287675510090F169 /* BackgroundTasksDemoTests.swift in Sources */,
			);
			runOnlyForDeploymentPostprocessing = 0;
		};
		3C5CCBD7287675510090F169 /* Sources */ = {
			isa = PBXSourcesBuildPhase;
			buildActionMask = 2147483647;
			files = (
				3C5CCBE2287675510090F169 /* BackgroundTasksDemoUITestsLaunchTests.swift in Sources */,
				3C5CCBE0287675510090F169 /* BackgroundTasksDemoUITests.swift in Sources */,
			);
			runOnlyForDeploymentPostprocessing = 0;
		};
/* End PBXSourcesBuildPhase section */

/* Begin PBXTargetDependency section */
		3C5CCBD3287675510090F169 /* PBXTargetDependency */ = {
			isa = PBXTargetDependency;
			target = 3C5CCBBA287675460090F169 /* BackgroundTasksDemo */;
			targetProxy = 3C5CCBD2287675510090F169 /* PBXContainerItemProxy */;
		};
		3C5CCBDD287675510090F169 /* PBXTargetDependency */ = {
			isa = PBXTargetDependency;
			target = 3C5CCBBA287675460090F169 /* BackgroundTasksDemo */;
			targetProxy = 3C5CCBDC287675510090F169 /* PBXContainerItemProxy */;
		};
/* End PBXTargetDependency section */

/* Begin PBXVariantGroup section */
		3C5CCBC4287675460090F169 /* Main.storyboard */ = {
			isa = PBXVariantGroup;
			children = (
				3C5CCBC5287675460090F169 /* Base */,
			);
			name = Main.storyboard;
			sourceTree = "<group>";
		};
		3C5CCBC9287675510090F169 /* LaunchScreen.storyboard */ = {
			isa = PBXVariantGroup;
			children = (
				3C5CCBCA287675510090F169 /* Base */,
			);
			name = LaunchScreen.storyboard;
			sourceTree = "<group>";
		};
/* End PBXVariantGroup section */

/* Begin XCBuildConfiguration section */
		3C5CCBE3287675510090F169 /* Debug */ = {
			isa = XCBuildConfiguration;
			buildSettings = {
				ALWAYS_SEARCH_USER_PATHS = NO;
				CLANG_ANALYZER_NONNULL = YES;
				CLANG_ANALYZER_NUMBER_OBJECT_CONVERSION = YES_AGGRESSIVE;
				CLANG_CXX_LANGUAGE_STANDARD = "gnu++20";
				CLANG_ENABLE_MODULES = YES;
				CLANG_ENABLE_OBJC_ARC = YES;
				CLANG_ENABLE_OBJC_WEAK = YES;
				CLANG_WARN_BLOCK_CAPTURE_AUTORELEASING = YES;
				CLANG_WARN_BOOL_CONVERSION = YES;
				CLANG_WARN_COMMA = YES;
				CLANG_WARN_CONSTANT_CONVERSION = YES;
				CLANG_WARN_DEPRECATED_OBJC_IMPLEMENTATIONS = YES;
				CLANG_WARN_DIRECT_OBJC_ISA_USAGE = YES_ERROR;
				CLANG_WARN_DOCUMENTATION_COMMENTS = YES;
				CLANG_WARN_EMPTY_BODY = YES;
				CLANG_WARN_ENUM_CONVERSION = YES;
				CLANG_WARN_INFINITE_RECURSION = YES;
				CLANG_WARN_INT_CONVERSION = YES;
				CLANG_WARN_NON_LITERAL_NULL_CONVERSION = YES;
				CLANG_WARN_OBJC_IMPLICIT_RETAIN_SELF = YES;
				CLANG_WARN_OBJC_LITERAL_CONVERSION = YES;
				CLANG_WARN_OBJC_ROOT_CLASS = YES_ERROR;
				CLANG_WARN_QUOTED_INCLUDE_IN_FRAMEWORK_HEADER = YES;
				CLANG_WARN_RANGE_LOOP_ANALYSIS = YES;
				CLANG_WARN_STRICT_PROTOTYPES = YES;
				CLANG_WARN_SUSPICIOUS_MOVE = YES;
				CLANG_WARN_UNGUARDED_AVAILABILITY = YES_AGGRESSIVE;
				CLANG_WARN_UNREACHABLE_CODE = YES;
				CLANG_WARN__DUPLICATE_METHOD_MATCH = YES;
				COPY_PHASE_STRIP = NO;
				DEBUG_INFORMATION_FORMAT = dwarf;
				ENABLE_STRICT_OBJC_MSGSEND = YES;
				ENABLE_TESTABILITY = YES;
				GCC_C_LANGUAGE_STANDARD = gnu11;
				GCC_DYNAMIC_NO_PIC = NO;
				GCC_NO_COMMON_BLOCKS = YES;
				GCC_OPTIMIZATION_LEVEL = 0;
				GCC_PREPROCESSOR_DEFINITIONS = (
					"DEBUG=1",
					"$(inherited)",
				);
				GCC_WARN_64_TO_32_BIT_CONVERSION = YES;
				GCC_WARN_ABOUT_RETURN_TYPE = YES_ERROR;
				GCC_WARN_UNDECLARED_SELECTOR = YES;
				GCC_WARN_UNINITIALIZED_AUTOS = YES_AGGRESSIVE;
				GCC_WARN_UNUSED_FUNCTION = YES;
				GCC_WARN_UNUSED_VARIABLE = YES;
				IPHONEOS_DEPLOYMENT_TARGET = 16.0;
				MTL_ENABLE_DEBUG_INFO = INCLUDE_SOURCE;
				MTL_FAST_MATH = YES;
				ONLY_ACTIVE_ARCH = YES;
				SDKROOT = iphoneos;
				SWIFT_ACTIVE_COMPILATION_CONDITIONS = DEBUG;
				SWIFT_OPTIMIZATION_LEVEL = "-Onone";
			};
			name = Debug;
		};
		3C5CCBE4287675510090F169 /* Release */ = {
			isa = XCBuildConfiguration;
			buildSettings = {
				ALWAYS_SEARCH_USER_PATHS = NO;
				CLANG_ANALYZER_NONNULL = YES;
				CLANG_ANALYZER_NUMBER_OBJECT_CONVERSION = YES_AGGRESSIVE;
				CLANG_CXX_LANGUAGE_STANDARD = "gnu++20";
				CLANG_ENABLE_MODULES = YES;
				CLANG_ENABLE_OBJC_ARC = YES;
				CLANG_ENABLE_OBJC_WEAK = YES;
				CLANG_WARN_BLOCK_CAPTURE_AUTORELEASING = YES;
				CLANG_WARN_BOOL_CONVERSION = YES;
				CLANG_WARN_COMMA = YES;
				CLANG_WARN_CONSTANT_CONVERSION = YES;
				CLANG_WARN_DEPRECATED_OBJC_IMPLEMENTATIONS = YES;
				CLANG_WARN_DIRECT_OBJC_ISA_USAGE = YES_ERROR;
				CLANG_WARN_DOCUMENTATION_COMMENTS = YES;
				CLANG_WARN_EMPTY_BODY = YES;
				CLANG_WARN_ENUM_CONVERSION = YES;
				CLANG_WARN_INFINITE_RECURSION = YES;
				CLANG_WARN_INT_CONVERSION = YES;
				CLANG_WARN_NON_LITERAL_NULL_CONVERSION = YES;
				CLANG_WARN_OBJC_IMPLICIT_RETAIN_SELF = YES;
				CLANG_WARN_OBJC_LITERAL_CONVERSION = YES;
				CLANG_WARN_OBJC_ROOT_CLASS = YES_ERROR;
				CLANG_WARN_QUOTED_INCLUDE_IN_FRAMEWORK_HEADER = YES;
				CLANG_WARN_RANGE_LOOP_ANALYSIS = YES;
				CLANG_WARN_STRICT_PROTOTYPES = YES;
				CLANG_WARN_SUSPICIOUS_MOVE = YES;
				CLANG_WARN_UNGUARDED_AVAILABILITY = YES_AGGRESSIVE;
				CLANG_WARN_UNREACHABLE_CODE = YES;
				CLANG_WARN__DUPLICATE_METHOD_MATCH = YES;
				COPY_PHASE_STRIP = NO;
				DEBUG_INFORMATION_FORMAT = "dwarf-with-dsym";
				ENABLE_NS_ASSERTIONS = NO;
				ENABLE_STRICT_OBJC_MSGSEND = YES;
				GCC_C_LANGUAGE_STANDARD = gnu11;
				GCC_NO_COMMON_BLOCKS = YES;
				GCC_WARN_64_TO_32_BIT_CONVERSION = YES;
				GCC_WARN_ABOUT_RETURN_TYPE = YES_ERROR;
				GCC_WARN_UNDECLARED_SELECTOR = YES;
				GCC_WARN_UNINITIALIZED_AUTOS = YES_AGGRESSIVE;
				GCC_WARN_UNUSED_FUNCTION = YES;
				GCC_WARN_UNUSED_VARIABLE = YES;
				IPHONEOS_DEPLOYMENT_TARGET = 16.0;
				MTL_ENABLE_DEBUG_INFO = NO;
				MTL_FAST_MATH = YES;
				SDKROOT = iphoneos;
				SWIFT_COMPILATION_MODE = wholemodule;
				SWIFT_OPTIMIZATION_LEVEL = "-O";
				VALIDATE_PRODUCT = YES;
			};
			name = Release;
		};
		3C5CCBE6287675510090F169 /* Debug */ = {
			isa = XCBuildConfiguration;
			buildSettings = {
				ASSETCATALOG_COMPILER_APPICON_NAME = AppIcon;
				ASSETCATALOG_COMPILER_GLOBAL_ACCENT_COLOR_NAME = AccentColor;
				CODE_SIGN_STYLE = Automatic;
				CURRENT_PROJECT_VERSION = 1;
				DEVELOPMENT_TEAM = QF8H8R2NAV;
				GENERATE_INFOPLIST_FILE = YES;
				INFOPLIST_FILE = BackgroundTasksDemo/Info.plist;
				INFOPLIST_KEY_UIApplicationSupportsIndirectInputEvents = YES;
				INFOPLIST_KEY_UILaunchStoryboardName = LaunchScreen;
				INFOPLIST_KEY_UIMainStoryboardFile = Main;
				INFOPLIST_KEY_UISupportedInterfaceOrientations_iPad = "UIInterfaceOrientationPortrait UIInterfaceOrientationPortraitUpsideDown UIInterfaceOrientationLandscapeLeft UIInterfaceOrientationLandscapeRight";
				INFOPLIST_KEY_UISupportedInterfaceOrientations_iPhone = "UIInterfaceOrientationPortrait UIInterfaceOrientationLandscapeLeft UIInterfaceOrientationLandscapeRight";
				IPHONEOS_DEPLOYMENT_TARGET = 13.0;
				LD_RUNPATH_SEARCH_PATHS = (
					"$(inherited)",
					"@executable_path/Frameworks",
				);
				MARKETING_VERSION = 1.0;
				PRODUCT_BUNDLE_IDENTIFIER = yf.develper.apple.BackgroundTasksDemo;
				PRODUCT_NAME = "$(TARGET_NAME)";
				SWIFT_EMIT_LOC_STRINGS = YES;
				SWIFT_VERSION = 5.0;
				TARGETED_DEVICE_FAMILY = "1,2";
			};
			name = Debug;
		};
		3C5CCBE7287675510090F169 /* Release */ = {
			isa = XCBuildConfiguration;
			buildSettings = {
				ASSETCATALOG_COMPILER_APPICON_NAME = AppIcon;
				ASSETCATALOG_COMPILER_GLOBAL_ACCENT_COLOR_NAME = AccentColor;
				CODE_SIGN_STYLE = Automatic;
				CURRENT_PROJECT_VERSION = 1;
				DEVELOPMENT_TEAM = QF8H8R2NAV;
				GENERATE_INFOPLIST_FILE = YES;
				INFOPLIST_FILE = BackgroundTasksDemo/Info.plist;
				INFOPLIST_KEY_UIApplicationSupportsIndirectInputEvents = YES;
				INFOPLIST_KEY_UILaunchStoryboardName = LaunchScreen;
				INFOPLIST_KEY_UIMainStoryboardFile = Main;
				INFOPLIST_KEY_UISupportedInterfaceOrientations_iPad = "UIInterfaceOrientationPortrait UIInterfaceOrientationPortraitUpsideDown UIInterfaceOrientationLandscapeLeft UIInterfaceOrientationLandscapeRight";
				INFOPLIST_KEY_UISupportedInterfaceOrientations_iPhone = "UIInterfaceOrientationPortrait UIInterfaceOrientationLandscapeLeft UIInterfaceOrientationLandscapeRight";
				IPHONEOS_DEPLOYMENT_TARGET = 13.0;
				LD_RUNPATH_SEARCH_PATHS = (
					"$(inherited)",
					"@executable_path/Frameworks",
				);
				MARKETING_VERSION = 1.0;
				PRODUCT_BUNDLE_IDENTIFIER = yf.develper.apple.BackgroundTasksDemo;
				PRODUCT_NAME = "$(TARGET_NAME)";
				SWIFT_EMIT_LOC_STRINGS = YES;
				SWIFT_VERSION = 5.0;
				TARGETED_DEVICE_FAMILY = "1,2";
			};
			name = Release;
		};
		3C5CCBE9287675510090F169 /* Debug */ = {
			isa = XCBuildConfiguration;
			buildSettings = {
				ALWAYS_EMBED_SWIFT_STANDARD_LIBRARIES = YES;
				BUNDLE_LOADER = "$(TEST_HOST)";
				CODE_SIGN_STYLE = Automatic;
				CURRENT_PROJECT_VERSION = 1;
				DEVELOPMENT_TEAM = QF8H8R2NAV;
				GENERATE_INFOPLIST_FILE = YES;
				IPHONEOS_DEPLOYMENT_TARGET = 16.0;
				MARKETING_VERSION = 1.0;
				PRODUCT_BUNDLE_IDENTIFIER = yf.develper.apple.BackgroundTasksDemoTests;
				PRODUCT_NAME = "$(TARGET_NAME)";
				SWIFT_EMIT_LOC_STRINGS = NO;
				SWIFT_VERSION = 5.0;
				TARGETED_DEVICE_FAMILY = "1,2";
				TEST_HOST = "$(BUILT_PRODUCTS_DIR)/BackgroundTasksDemo.app/$(BUNDLE_EXECUTABLE_FOLDER_PATH)/BackgroundTasksDemo";
			};
			name = Debug;
		};
		3C5CCBEA287675510090F169 /* Release */ = {
			isa = XCBuildConfiguration;
			buildSettings = {
				ALWAYS_EMBED_SWIFT_STANDARD_LIBRARIES = YES;
				BUNDLE_LOADER = "$(TEST_HOST)";
				CODE_SIGN_STYLE = Automatic;
				CURRENT_PROJECT_VERSION = 1;
				DEVELOPMENT_TEAM = QF8H8R2NAV;
				GENERATE_INFOPLIST_FILE = YES;
				IPHONEOS_DEPLOYMENT_TARGET = 16.0;
				MARKETING_VERSION = 1.0;
				PRODUCT_BUNDLE_IDENTIFIER = yf.develper.apple.BackgroundTasksDemoTests;
				PRODUCT_NAME = "$(TARGET_NAME)";
				SWIFT_EMIT_LOC_STRINGS = NO;
				SWIFT_VERSION = 5.0;
				TARGETED_DEVICE_FAMILY = "1,2";
				TEST_HOST = "$(BUILT_PRODUCTS_DIR)/BackgroundTasksDemo.app/$(BUNDLE_EXECUTABLE_FOLDER_PATH)/BackgroundTasksDemo";
			};
			name = Release;
		};
		3C5CCBEC287675510090F169 /* Debug */ = {
			isa = XCBuildConfiguration;
			buildSettings = {
				ALWAYS_EMBED_SWIFT_STANDARD_LIBRARIES = YES;
				CODE_SIGN_STYLE = Automatic;
				CURRENT_PROJECT_VERSION = 1;
				DEVELOPMENT_TEAM = QF8H8R2NAV;
				GENERATE_INFOPLIST_FILE = YES;
				MARKETING_VERSION = 1.0;
				PRODUCT_BUNDLE_IDENTIFIER = yf.develper.apple.BackgroundTasksDemoUITests;
				PRODUCT_NAME = "$(TARGET_NAME)";
				SWIFT_EMIT_LOC_STRINGS = NO;
				SWIFT_VERSION = 5.0;
				TARGETED_DEVICE_FAMILY = "1,2";
				TEST_TARGET_NAME = BackgroundTasksDemo;
			};
			name = Debug;
		};
		3C5CCBED287675510090F169 /* Release */ = {
			isa = XCBuildConfiguration;
			buildSettings = {
				ALWAYS_EMBED_SWIFT_STANDARD_LIBRARIES = YES;
				CODE_SIGN_STYLE = Automatic;
				CURRENT_PROJECT_VERSION = 1;
				DEVELOPMENT_TEAM = QF8H8R2NAV;
				GENERATE_INFOPLIST_FILE = YES;
				MARKETING_VERSION = 1.0;
				PRODUCT_BUNDLE_IDENTIFIER = yf.develper.apple.BackgroundTasksDemoUITests;
				PRODUCT_NAME = "$(TARGET_NAME)";
				SWIFT_EMIT_LOC_STRINGS = NO;
				SWIFT_VERSION = 5.0;
				TARGETED_DEVICE_FAMILY = "1,2";
				TEST_TARGET_NAME = BackgroundTasksDemo;
			};
			name = Release;
		};
/* End XCBuildConfiguration section */

/* Begin XCConfigurationList section */
		3C5CCBB6287675460090F169 /* Build configuration list for PBXProject "BackgroundTasksDemo" */ = {
			isa = XCConfigurationList;
			buildConfigurations = (
				3C5CCBE3287675510090F169 /* Debug */,
				3C5CCBE4287675510090F169 /* Release */,
			);
			defaultConfigurationIsVisible = 0;
			defaultConfigurationName = Release;
		};
		3C5CCBE5287675510090F169 /* Build configuration list for PBXNativeTarget "BackgroundTasksDemo" */ = {
			isa = XCConfigurationList;
			buildConfigurations = (
				3C5CCBE6287675510090F169 /* Debug */,
				3C5CCBE7287675510090F169 /* Release */,
			);
			defaultConfigurationIsVisible = 0;
			defaultConfigurationName = Release;
		};
		3C5CCBE8287675510090F169 /* Build configuration list for PBXNativeTarget "BackgroundTasksDemoTests" */ = {
			isa = XCConfigurationList;
			buildConfigurations = (
				3C5CCBE9287675510090F169 /* Debug */,
				3C5CCBEA287675510090F169 /* Release */,
			);
			defaultConfigurationIsVisible = 0;
			defaultConfigurationName = Release;
		};
		3C5CCBEB287675510090F169 /* Build configuration list for PBXNativeTarget "BackgroundTasksDemoUITests" */ = {
			isa = XCConfigurationList;
			buildConfigurations = (
				3C5CCBEC287675510090F169 /* Debug */,
				3C5CCBED287675510090F169 /* Release */,
			);
			defaultConfigurationIsVisible = 0;
			defaultConfigurationName = Release;
		};
/* End XCConfigurationList section */
	};
	rootObject = 3C5CCBB3287675460090F169 /* Project object */;
}
